
Microsoft Visual Studio Solution File, Format Version 12.00
# Visual Studio Version 17
VisualStudioVersion = 17.6.33723.286
MinimumVisualStudioVersion = 10.0.40219.1
Project("{9A19103F-16F7-4668-BE54-9A1E7A4F7556}") = "dotnet-demo-app", "dotnet-demo-app\dotnet-demo-app.csproj", "{C9292346-C3B7-4B3C-8124-22FAD480921E}"
	ProjectSection(ProjectDependencies) = postProject
		{0848B8FA-F02F-494E-95E5-24A6A2CE3B59} = {0848B8FA-F02F-494E-95E5-24A6A2CE3B59}
	EndProjectSection
EndProject
Project("{FAE04EC0-301F-11D3-BF4B-00C04F79EFBC}") = "Entities", "Entities\Entities.csproj", "{0848B8FA-F02F-494E-95E5-24A6A2CE3B59}"
EndProject
Project("{FAE04EC0-301F-11D3-BF4B-00C04F79EFBC}") = "Api", "Api\Api.csproj", "{1D9BA24A-82D4-40C7-82FB-32B1E5FBFD12}"
EndProject
Global
	GlobalSection(SolutionConfigurationPlatforms) = preSolution
		Debug|Any CPU = Debug|Any CPU
		Release|Any CPU = Release|Any CPU
	EndGlobalSection
	GlobalSection(ProjectConfigurationPlatforms) = postSolution
		{C9292346-C3B7-4B3C-8124-22FAD480921E}.Debug|Any CPU.ActiveCfg = Debug|Any CPU
		{C9292346-C3B7-4B3C-8124-22FAD480921E}.Debug|Any CPU.Build.0 = Debug|Any CPU
		{C9292346-C3B7-4B3C-8124-22FAD480921E}.Release|Any CPU.ActiveCfg = Release|Any CPU
		{C9292346-C3B7-4B3C-8124-22FAD480921E}.Release|Any CPU.Build.0 = Release|Any CPU
		{0848B8FA-F02F-494E-95E5-24A6A2CE3B59}.Debug|Any CPU.ActiveCfg = Debug|Any CPU
		{0848B8FA-F02F-494E-95E5-24A6A2CE3B59}.Debug|Any CPU.Build.0 = Debug|Any CPU
		{0848B8FA-F02F-494E-95E5-24A6A2CE3B59}.Release|Any CPU.ActiveCfg = Release|Any CPU
		{0848B8FA-F02F-494E-95E5-24A6A2CE3B59}.Release|Any CPU.Build.0 = Release|Any CPU
		{1D9BA24A-82D4-40C7-82FB-32B1E5FBFD12}.Debug|Any CPU.ActiveCfg = Debug|Any CPU
		{1D9BA24A-82D4-40C7-82FB-32B1E5FBFD12}.Debug|Any CPU.Build.0 = Debug|Any CPU
		{1D9BA24A-82D4-40C7-82FB-32B1E5FBFD12}.Release|Any CPU.ActiveCfg = Release|Any CPU
		{1D9BA24A-82D4-40C7-82FB-32B1E5FBFD12}.Release|Any CPU.Build.0 = Release|Any CPU
	EndGlobalSection
	GlobalSection(SolutionProperties) = preSolution
		HideSolutionNode = FALSE
	EndGlobalSection
	GlobalSection(ExtensibilityGlobals) = postSolution
		SolutionGuid = {0DAF73F0-0640-4288-8F30-54B6A70DBADF}
	EndGlobalSection
EndGlobal
